uuid: fd109b40-e52b-44e2-821e-dc0c47d2737c
langcode: da
status: true
dependencies:
  config:
    - views.view.events
  module:
    - system
    - views
  theme:
    - forlev2016
id: views_block__events_seniorkursus_footer_block
theme: forlev2016
region: content
weight: -4
provider: null
plugin: 'views_block:events-seniorkursus_footer_block'
settings:
  id: 'views_block:events-seniorkursus_footer_block'
  label: ''
  provider: views
  label_display: '0'
  views_label: ''
  items_per_page: none
visibility:
  request_path:
    id: request_path
    pages: /node/15
    negate: false
    context_mapping: {  }
