uuid: 65e12fa5-0e6a-4341-a9e7-428dd8e67d05
langcode: da
status: true
dependencies:
  config:
    - views.view.events
  module:
    - system
    - views
  theme:
    - forlev2016
id: views_block__events_jun9orfighten_footer_block
theme: forlev2016
region: content
weight: -6
provider: null
plugin: 'views_block:events-jun9orfighten_footer_block'
settings:
  id: 'views_block:events-jun9orfighten_footer_block'
  label: ''
  provider: views
  label_display: '0'
  views_label: ''
  items_per_page: none
visibility:
  request_path:
    id: request_path
    pages: /node/16
    negate: false
    context_mapping: {  }
