uuid: 43403575-2429-47d9-bde0-a964a5d43da7
langcode: da
status: true
dependencies:
  config:
    - views.view.events
  module:
    - system
    - views
  theme:
    - forlev2016
id: views_block__events_patruljekursus_footer_block
theme: forlev2016
region: content
weight: -2
provider: null
plugin: 'views_block:events-patruljekursus_footer_block'
settings:
  id: 'views_block:events-patruljekursus_footer_block'
  label: ''
  provider: views
  label_display: '0'
  views_label: ''
  items_per_page: none
visibility:
  request_path:
    id: request_path
    pages: /node/14
    negate: false
    context_mapping: {  }
